// !$*UTF8*$!
{
	archiveVersion = 1;
	classes = {
	};
	objectVersion = 48;
	objects = {

/* Begin PBXBuildFile section */
		F77BE52A1FF08DD800587464 /* UIView+.swift in Sources */ = {isa = PBXBuildFile; fileRef = F77BE5291FF08DD800587464 /* UIView+.swift */; };
		F77BE52C1FF08FE600587464 /* Layout.swift in Sources */ = {isa = PBXBuildFile; fileRef = F77BE52B1FF08FE600587464 /* Layout.swift */; };
		F77BE52E1FF0968500587464 /* UIColor+.swift in Sources */ = {isa = PBXBuildFile; fileRef = F77BE52D1FF0968500587464 /* UIColor+.swift */; };
		F7AF57AC1FF07B7F006B4512 /* AppDelegate.swift in Sources */ = {isa = PBXBuildFile; fileRef = F7AF57AB1FF07B7F006B4512 /* AppDelegate.swift */; };
		F7AF57AE1FF07B7F006B4512 /* LoginScreen.swift in Sources */ = {isa = PBXBuildFile; fileRef = F7AF57AD1FF07B7F006B4512 /* LoginScreen.swift */; };
		F7AF57B31FF07B7F006B4512 /* Assets.xcassets in Resources */ = {isa = PBXBuildFile; fileRef = F7AF57B21FF07B7F006B4512 /* Assets.xcassets */; };
		F7AF57B61FF07B7F006B4512 /* LaunchScreen.storyboard in Resources */ = {isa = PBXBuildFile; fileRef = F7AF57B41FF07B7F006B4512 /* LaunchScreen.storyboard */; };
		F7AF57BE1FF07E67006B4512 /* Font+.swift in Sources */ = {isa = PBXBuildFile; fileRef = F7AF57BD1FF07E67006B4512 /* Font+.swift */; };
/* End PBXBuildFile section */

/* Begin PBXFileReference section */
		F77BE5291FF08DD800587464 /* UIView+.swift */ = {isa = PBXFileReference; lastKnownFileType = sourcecode.swift; path = "UIView+.swift"; sourceTree = "<group>"; };
		F77BE52B1FF08FE600587464 /* Layout.swift */ = {isa = PBXFileReference; lastKnownFileType = sourcecode.swift; path = Layout.swift; sourceTree = "<group>"; };
		F77BE52D1FF0968500587464 /* UIColor+.swift */ = {isa = PBXFileReference; lastKnownFileType = sourcecode.swift; path = "UIColor+.swift"; sourceTree = "<group>"; };
		F7AF57A81FF07B7F006B4512 /* Pingpong.app */ = {isa = PBXFileReference; explicitFileType = wrapper.application; includeInIndex = 0; path = Pingpong.app; sourceTree = BUILT_PRODUCTS_DIR; };
		F7AF57AB1FF07B7F006B4512 /* AppDelegate.swift */ = {isa = PBXFileReference; lastKnownFileType = sourcecode.swift; path = AppDelegate.swift; sourceTree = "<group>"; };
		F7AF57AD1FF07B7F006B4512 /* LoginScreen.swift */ = {isa = PBXFileReference; lastKnownFileType = sourcecode.swift; path = LoginScreen.swift; sourceTree = "<group>"; };
		F7AF57B21FF07B7F006B4512 /* Assets.xcassets */ = {isa = PBXFileReference; lastKnownFileType = folder.assetcatalog; path = Assets.xcassets; sourceTree = "<group>"; };
		F7AF57B51FF07B7F006B4512 /* Base */ = {isa = PBXFileReference; lastKnownFileType = file.storyboard; name = Base; path = Base.lproj/LaunchScreen.storyboard; sourceTree = "<group>"; };
		F7AF57B71FF07B7F006B4512 /* Info.plist */ = {isa = PBXFileReference; lastKnownFileType = text.plist.xml; path = Info.plist; sourceTree = "<group>"; };
		F7AF57BD1FF07E67006B4512 /* Font+.swift */ = {isa = PBXFileReference; lastKnownFileType = sourcecode.swift; path = "Font+.swift"; sourceTree = "<group>"; };
/* End PBXFileReference section */

/* Begin PBXFrameworksBuildPhase section */
		F7AF57A51FF07B7F006B4512 /* Frameworks */ = {
			isa = PBXFrameworksBuildPhase;
			buildActionMask = 2147483647;
			files = (
			);
			runOnlyForDeploymentPostprocessing = 0;
		};
/* End PBXFrameworksBuildPhase section */

/* Begin PBXGroup section */
		F7AF579F1FF07B7F006B4512 = {
			isa = PBXGroup;
			children = (
				F7AF57AA1FF07B7F006B4512 /* Pingpong */,
				F7AF57A91FF07B7F006B4512 /* Products */,
			);
			sourceTree = "<group>";
		};
		F7AF57A91FF07B7F006B4512 /* Products */ = {
			isa = PBXGroup;
			children = (
				F7AF57A81FF07B7F006B4512 /* Pingpong.app */,
			);
			name = Products;
			sourceTree = "<group>";
		};
		F7AF57AA1FF07B7F006B4512 /* Pingpong */ = {
			isa = PBXGroup;
			children = (
				F7AF57C21FF07E87006B4512 /* Utilities */,
				F7AF57C11FF07E7D006B4512 /* Controller */,
				F7AF57C01FF07E78006B4512 /* Model */,
				F7AF57BF1FF07E72006B4512 /* View */,
				F7AF57AB1FF07B7F006B4512 /* AppDelegate.swift */,
				F7AF57B21FF07B7F006B4512 /* Assets.xcassets */,
				F7AF57B41FF07B7F006B4512 /* LaunchScreen.storyboard */,
				F7AF57B71FF07B7F006B4512 /* Info.plist */,
			);
			path = Pingpong;
			sourceTree = "<group>";
		};
		F7AF57BF1FF07E72006B4512 /* View */ = {
			isa = PBXGroup;
			children = (
			);
			path = View;
			sourceTree = "<group>";
		};
		F7AF57C01FF07E78006B4512 /* Model */ = {
			isa = PBXGroup;
			children = (
			);
			path = Model;
			sourceTree = "<group>";
		};
		F7AF57C11FF07E7D006B4512 /* Controller */ = {
			isa = PBXGroup;
			children = (
				F7AF57AD1FF07B7F006B4512 /* LoginScreen.swift */,
			);
			path = Controller;
			sourceTree = "<group>";
		};
		F7AF57C21FF07E87006B4512 /* Utilities */ = {
			isa = PBXGroup;
			children = (
				F7AF57BD1FF07E67006B4512 /* Font+.swift */,
				F77BE5291FF08DD800587464 /* UIView+.swift */,
				F77BE52B1FF08FE600587464 /* Layout.swift */,
				F77BE52D1FF0968500587464 /* UIColor+.swift */,
			);
			path = Utilities;
			sourceTree = "<group>";
		};
/* End PBXGroup section */

/* Begin PBXNativeTarget section */
		F7AF57A71FF07B7F006B4512 /* Pingpong */ = {
			isa = PBXNativeTarget;
			buildConfigurationList = F7AF57BA1FF07B7F006B4512 /* Build configuration list for PBXNativeTarget "Pingpong" */;
			buildPhases = (
				F7AF57A41FF07B7F006B4512 /* Sources */,
				F7AF57A51FF07B7F006B4512 /* Frameworks */,
				F7AF57A61FF07B7F006B4512 /* Resources */,
			);
			buildRules = (
			);
			dependencies = (
			);
			name = Pingpong;
			productName = Pingpong;
			productReference = F7AF57A81FF07B7F006B4512 /* Pingpong.app */;
			productType = "com.apple.product-type.application";
		};
/* End PBXNativeTarget section */

/* Begin PBXProject section */
		F7AF57A01FF07B7F006B4512 /* Project object */ = {
			isa = PBXProject;
			attributes = {
				LastSwiftUpdateCheck = 0910;
				LastUpgradeCheck = 0910;
				ORGANIZATIONNAME = "Xiaoheng Pan";
				TargetAttributes = {
					F7AF57A71FF07B7F006B4512 = {
						CreatedOnToolsVersion = 9.1;
						ProvisioningStyle = Automatic;
					};
				};
			};
			buildConfigurationList = F7AF57A31FF07B7F006B4512 /* Build configuration list for PBXProject "Pingpong" */;
			compatibilityVersion = "Xcode 8.0";
			developmentRegion = en;
			hasScannedForEncodings = 0;
			knownRegions = (
				en,
				Base,
			);
			mainGroup = F7AF579F1FF07B7F006B4512;
			productRefGroup = F7AF57A91FF07B7F006B4512 /* Products */;
			projectDirPath = "";
			projectRoot = "";
			targets = (
				F7AF57A71FF07B7F006B4512 /* Pingpong */,
			);
		};
/* End PBXProject section */

/* Begin PBXResourcesBuildPhase section */
		F7AF57A61FF07B7F006B4512 /* Resources */ = {
			isa = PBXResourcesBuildPhase;
			buildActionMask = 2147483647;
			files = (
				F7AF57B61FF07B7F006B4512 /* LaunchScreen.storyboard in Resources */,
				F7AF57B31FF07B7F006B4512 /* Assets.xcassets in Resources */,
			);
			runOnlyForDeploymentPostprocessing = 0;
		};
/* End PBXResourcesBuildPhase section */

/* Begin PBXSourcesBuildPhase section */
		F7AF57A41FF07B7F006B4512 /* Sources */ = {
			isa = PBXSourcesBuildPhase;
			buildActionMask = 2147483647;
			files = (
				F77BE52A1FF08DD800587464 /* UIView+.swift in Sources */,
				F7AF57BE1FF07E67006B4512 /* Font+.swift in Sources */,
				F77BE52C1FF08FE600587464 /* Layout.swift in Sources */,
				F7AF57AE1FF07B7F006B4512 /* LoginScreen.swift in Sources */,
				F7AF57AC1FF07B7F006B4512 /* AppDelegate.swift in Sources */,
				F77BE52E1FF0968500587464 /* UIColor+.swift in Sources */,
			);
			runOnlyForDeploymentPostprocessing = 0;
		};
/* End PBXSourcesBuildPhase section */

/* Begin PBXVariantGroup section */
		F7AF57B41FF07B7F006B4512 /* LaunchScreen.storyboard */ = {
			isa = PBXVariantGroup;
			children = (
				F7AF57B51FF07B7F006B4512 /* Base */,
			);
			name = LaunchScreen.storyboard;
			sourceTree = "<group>";
		};
/* End PBXVariantGroup section */

/* Begin XCBuildConfiguration section */
		F7AF57B81FF07B7F006B4512 /* Debug */ = {
			isa = XCBuildConfiguration;
			buildSettings = {
				ALWAYS_SEARCH_USER_PATHS = NO;
				CLANG_ANALYZER_NONNULL = YES;
				CLANG_ANALYZER_NUMBER_OBJECT_CONVERSION = YES_AGGRESSIVE;
				CLANG_CXX_LANGUAGE_STANDARD = "gnu++14";
				CLANG_CXX_LIBRARY = "libc++";
				CLANG_ENABLE_MODULES = YES;
				CLANG_ENABLE_OBJC_ARC = YES;
				CLANG_WARN_BLOCK_CAPTURE_AUTORELEASING = YES;
				CLANG_WARN_BOOL_CONVERSION = YES;
				CLANG_WARN_COMMA = YES;
				CLANG_WARN_CONSTANT_CONVERSION = YES;
				CLANG_WARN_DIRECT_OBJC_ISA_USAGE = YES_ERROR;
				CLANG_WARN_DOCUMENTATION_COMMENTS = YES;
				CLANG_WARN_EMPTY_BODY = YES;
				CLANG_WARN_ENUM_CONVERSION = YES;
				CLANG_WARN_INFINITE_RECURSION = YES;
				CLANG_WARN_INT_CONVERSION = YES;
				CLANG_WARN_NON_LITERAL_NULL_CONVERSION = YES;
				CLANG_WARN_OBJC_LITERAL_CONVERSION = YES;
				CLANG_WARN_OBJC_ROOT_CLASS = YES_ERROR;
				CLANG_WARN_RANGE_LOOP_ANALYSIS = YES;
				CLANG_WARN_STRICT_PROTOTYPES = YES;
				CLANG_WARN_SUSPICIOUS_MOVE = YES;
				CLANG_WARN_UNGUARDED_AVAILABILITY = YES_AGGRESSIVE;
				CLANG_WARN_UNREACHABLE_CODE = YES;
				CLANG_WARN__DUPLICATE_METHOD_MATCH = YES;
				CODE_SIGN_IDENTITY = "iPhone Developer";
				COPY_PHASE_STRIP = NO;
				DEBUG_INFORMATION_FORMAT = dwarf;
				ENABLE_STRICT_OBJC_MSGSEND = YES;
				ENABLE_TESTABILITY = YES;
				GCC_C_LANGUAGE_STANDARD = gnu11;
				GCC_DYNAMIC_NO_PIC = NO;
				GCC_NO_COMMON_BLOCKS = YES;
				GCC_OPTIMIZATION_LEVEL = 0;
				GCC_PREPROCESSOR_DEFINITIONS = (
					"DEBUG=1",
					"$(inherited)",
				);
				GCC_WARN_64_TO_32_BIT_CONVERSION = YES;
				GCC_WARN_ABOUT_RETURN_TYPE = YES_ERROR;
				GCC_WARN_UNDECLARED_SELECTOR = YES;
				GCC_WARN_UNINITIALIZED_AUTOS = YES_AGGRESSIVE;
				GCC_WARN_UNUSED_FUNCTION = YES;
				GCC_WARN_UNUSED_VARIABLE = YES;
				IPHONEOS_DEPLOYMENT_TARGET = 11.1;
				MTL_ENABLE_DEBUG_INFO = YES;
				ONLY_ACTIVE_ARCH = YES;
				SDKROOT = iphoneos;
				SWIFT_ACTIVE_COMPILATION_CONDITIONS = DEBUG;
				SWIFT_OPTIMIZATION_LEVEL = "-Onone";
			};
			name = Debug;
		};
		F7AF57B91FF07B7F006B4512 /* Release */ = {
			isa = XCBuildConfiguration;
			buildSettings = {
				ALWAYS_SEARCH_USER_PATHS = NO;
				CLANG_ANALYZER_NONNULL = YES;
				CLANG_ANALYZER_NUMBER_OBJECT_CONVERSION = YES_AGGRESSIVE;
				CLANG_CXX_LANGUAGE_STANDARD = "gnu++14";
				CLANG_CXX_LIBRARY = "libc++";
				CLANG_ENABLE_MODULES = YES;
				CLANG_ENABLE_OBJC_ARC = YES;
				CLANG_WARN_BLOCK_CAPTURE_AUTORELEASING = YES;
				CLANG_WARN_BOOL_CONVERSION = YES;
				CLANG_WARN_COMMA = YES;
				CLANG_WARN_CONSTANT_CONVERSION = YES;
				CLANG_WARN_DIRECT_OBJC_ISA_USAGE = YES_ERROR;
				CLANG_WARN_DOCUMENTATION_COMMENTS = YES;
				CLANG_WARN_EMPTY_BODY = YES;
				CLANG_WARN_ENUM_CONVERSION = YES;
				CLANG_WARN_INFINITE_RECURSION = YES;
				CLANG_WARN_INT_CONVERSION = YES;
				CLANG_WARN_NON_LITERAL_NULL_CONVERSION = YES;
				CLANG_WARN_OBJC_LITERAL_CONVERSION = YES;
				CLANG_WARN_OBJC_ROOT_CLASS = YES_ERROR;
				CLANG_WARN_RANGE_LOOP_ANALYSIS = YES;
				CLANG_WARN_STRICT_PROTOTYPES = YES;
				CLANG_WARN_SUSPICIOUS_MOVE = YES;
				CLANG_WARN_UNGUARDED_AVAILABILITY = YES_AGGRESSIVE;
				CLANG_WARN_UNREACHABLE_CODE = YES;
				CLANG_WARN__DUPLICATE_METHOD_MATCH = YES;
				CODE_SIGN_IDENTITY = "iPhone Developer";
				COPY_PHASE_STRIP = NO;
				DEBUG_INFORMATION_FORMAT = "dwarf-with-dsym";
				ENABLE_NS_ASSERTIONS = NO;
				ENABLE_STRICT_OBJC_MSGSEND = YES;
				GCC_C_LANGUAGE_STANDARD = gnu11;
				GCC_NO_COMMON_BLOCKS = YES;
				GCC_WARN_64_TO_32_BIT_CONVERSION = YES;
				GCC_WARN_ABOUT_RETURN_TYPE = YES_ERROR;
				GCC_WARN_UNDECLARED_SELECTOR = YES;
				GCC_WARN_UNINITIALIZED_AUTOS = YES_AGGRESSIVE;
				GCC_WARN_UNUSED_FUNCTION = YES;
				GCC_WARN_UNUSED_VARIABLE = YES;
				IPHONEOS_DEPLOYMENT_TARGET = 11.1;
				MTL_ENABLE_DEBUG_INFO = NO;
				SDKROOT = iphoneos;
				SWIFT_OPTIMIZATION_LEVEL = "-Owholemodule";
				VALIDATE_PRODUCT = YES;
			};
			name = Release;
		};
		F7AF57BB1FF07B7F006B4512 /* Debug */ = {
			isa = XCBuildConfiguration;
			buildSettings = {
				ASSETCATALOG_COMPILER_APPICON_NAME = AppIcon;
				CODE_SIGN_STYLE = Automatic;
				DEVELOPMENT_TEAM = 45E7KT68K8;
				INFOPLIST_FILE = Pingpong/Info.plist;
				LD_RUNPATH_SEARCH_PATHS = "$(inherited) @executable_path/Frameworks";
				PRODUCT_BUNDLE_IDENTIFIER = domainxh.Pingpong;
				PRODUCT_NAME = "$(TARGET_NAME)";
				SWIFT_VERSION = 4.0;
				TARGETED_DEVICE_FAMILY = "1,2";
			};
			name = Debug;
		};
		F7AF57BC1FF07B7F006B4512 /* Release */ = {
			isa = XCBuildConfiguration;
			buildSettings = {
				ASSETCATALOG_COMPILER_APPICON_NAME = AppIcon;
				CODE_SIGN_STYLE = Automatic;
				DEVELOPMENT_TEAM = 45E7KT68K8;
				INFOPLIST_FILE = Pingpong/Info.plist;
				LD_RUNPATH_SEARCH_PATHS = "$(inherited) @executable_path/Frameworks";
				PRODUCT_BUNDLE_IDENTIFIER = domainxh.Pingpong;
				PRODUCT_NAME = "$(TARGET_NAME)";
				SWIFT_VERSION = 4.0;
				TARGETED_DEVICE_FAMILY = "1,2";
			};
			name = Release;
		};
/* End XCBuildConfiguration section */

/* Begin XCConfigurationList section */
		F7AF57A31FF07B7F006B4512 /* Build configuration list for PBXProject "Pingpong" */ = {
			isa = XCConfigurationList;
			buildConfigurations = (
				F7AF57B81FF07B7F006B4512 /* Debug */,
				F7AF57B91FF07B7F006B4512 /* Release */,
			);
			defaultConfigurationIsVisible = 0;
			defaultConfigurationName = Release;
		};
		F7AF57BA1FF07B7F006B4512 /* Build configuration list for PBXNativeTarget "Pingpong" */ = {
			isa = XCConfigurationList;
			buildConfigurations = (
				F7AF57BB1FF07B7F006B4512 /* Debug */,
				F7AF57BC1FF07B7F006B4512 /* Release */,
			);
			defaultConfigurationIsVisible = 0;
			defaultConfigurationName = Release;
		};
/* End XCConfigurationList section */
	};
	rootObject = F7AF57A01FF07B7F006B4512 /* Project object */;
}
